
Microsoft Visual Studio Solution File, Format Version 12.00
# Visual Studio Version 17
VisualStudioVersion = 17.11.35327.3
MinimumVisualStudioVersion = 10.0.40219.1
Project("{FAE04EC0-301F-11D3-BF4B-00C04F79EFBC}") = "EXPERMIN.WEB", "EXPERMIN.WEB\EXPERMIN.WEB.csproj", "{DD88A2F1-0DF5-4701-864B-D77039D99741}"
EndProject
Project("{FAE04EC0-301F-11D3-BF4B-00C04F79EFBC}") = "EXPERMIN.ENTITIES", "EXPERMIN.ENTITIES\EXPERMIN.ENTITIES.csproj", "{51F144E6-A8CD-403D-81A1-6F3075C89890}"
EndProject
Project("{FAE04EC0-301F-11D3-BF4B-00C04F79EFBC}") = "EXPERMIN.REPOSITORY", "EXPERMIN.REPOSITORY\EXPERMIN.REPOSITORY.csproj", "{3268E807-1533-48F8-80F6-98358AE0D982}"
EndProject
Project("{FAE04EC0-301F-11D3-BF4B-00C04F79EFBC}") = "EXPERMIN.CORE", "EXPERMIN.CORE\EXPERMIN.CORE.csproj", "{CAAAD364-5D9B-4536-8056-C6ED3A1A9280}"
EndProject
Project("{FAE04EC0-301F-11D3-BF4B-00C04F79EFBC}") = "EXPERMIN.SERVICE", "EXPERMIN.SERVICE\EXPERMIN.SERVICE.csproj", "{52C2CD05-86C9-417A-AB46-17D5C4D880EC}"
EndProject
Project("{FAE04EC0-301F-11D3-BF4B-00C04F79EFBC}") = "EXPERMIN.DATABASE", "EXPERMIN.DATABASE\EXPERMIN.DATABASE.csproj", "{60BE73A5-4C5F-4722-9C8E-97A641E28076}"
EndProject
Project("{FAE04EC0-301F-11D3-BF4B-00C04F79EFBC}") = "EXPERMIN.API", "EXPERMIN.API\EXPERMIN.API.csproj", "{AD667080-FA3C-4AD8-AE58-D6534C2C2FA1}"
EndProject
Global
	GlobalSection(SolutionConfigurationPlatforms) = preSolution
		Debug|Any CPU = Debug|Any CPU
		Release|Any CPU = Release|Any CPU
	EndGlobalSection
	GlobalSection(ProjectConfigurationPlatforms) = postSolution
		{DD88A2F1-0DF5-4701-864B-D77039D99741}.Debug|Any CPU.ActiveCfg = Debug|Any CPU
		{DD88A2F1-0DF5-4701-864B-D77039D99741}.Debug|Any CPU.Build.0 = Debug|Any CPU
		{DD88A2F1-0DF5-4701-864B-D77039D99741}.Release|Any CPU.ActiveCfg = Release|Any CPU
		{DD88A2F1-0DF5-4701-864B-D77039D99741}.Release|Any CPU.Build.0 = Release|Any CPU
		{51F144E6-A8CD-403D-81A1-6F3075C89890}.Debug|Any CPU.ActiveCfg = Debug|Any CPU
		{51F144E6-A8CD-403D-81A1-6F3075C89890}.Debug|Any CPU.Build.0 = Debug|Any CPU
		{51F144E6-A8CD-403D-81A1-6F3075C89890}.Release|Any CPU.ActiveCfg = Release|Any CPU
		{51F144E6-A8CD-403D-81A1-6F3075C89890}.Release|Any CPU.Build.0 = Release|Any CPU
		{3268E807-1533-48F8-80F6-98358AE0D982}.Debug|Any CPU.ActiveCfg = Debug|Any CPU
		{3268E807-1533-48F8-80F6-98358AE0D982}.Debug|Any CPU.Build.0 = Debug|Any CPU
		{3268E807-1533-48F8-80F6-98358AE0D982}.Release|Any CPU.ActiveCfg = Release|Any CPU
		{3268E807-1533-48F8-80F6-98358AE0D982}.Release|Any CPU.Build.0 = Release|Any CPU
		{CAAAD364-5D9B-4536-8056-C6ED3A1A9280}.Debug|Any CPU.ActiveCfg = Debug|Any CPU
		{CAAAD364-5D9B-4536-8056-C6ED3A1A9280}.Debug|Any CPU.Build.0 = Debug|Any CPU
		{CAAAD364-5D9B-4536-8056-C6ED3A1A9280}.Release|Any CPU.ActiveCfg = Release|Any CPU
		{CAAAD364-5D9B-4536-8056-C6ED3A1A9280}.Release|Any CPU.Build.0 = Release|Any CPU
		{52C2CD05-86C9-417A-AB46-17D5C4D880EC}.Debug|Any CPU.ActiveCfg = Debug|Any CPU
		{52C2CD05-86C9-417A-AB46-17D5C4D880EC}.Debug|Any CPU.Build.0 = Debug|Any CPU
		{52C2CD05-86C9-417A-AB46-17D5C4D880EC}.Release|Any CPU.ActiveCfg = Release|Any CPU
		{52C2CD05-86C9-417A-AB46-17D5C4D880EC}.Release|Any CPU.Build.0 = Release|Any CPU
		{60BE73A5-4C5F-4722-9C8E-97A641E28076}.Debug|Any CPU.ActiveCfg = Debug|Any CPU
		{60BE73A5-4C5F-4722-9C8E-97A641E28076}.Debug|Any CPU.Build.0 = Debug|Any CPU
		{60BE73A5-4C5F-4722-9C8E-97A641E28076}.Release|Any CPU.ActiveCfg = Release|Any CPU
		{60BE73A5-4C5F-4722-9C8E-97A641E28076}.Release|Any CPU.Build.0 = Release|Any CPU
		{AD667080-FA3C-4AD8-AE58-D6534C2C2FA1}.Debug|Any CPU.ActiveCfg = Debug|Any CPU
		{AD667080-FA3C-4AD8-AE58-D6534C2C2FA1}.Debug|Any CPU.Build.0 = Debug|Any CPU
		{AD667080-FA3C-4AD8-AE58-D6534C2C2FA1}.Release|Any CPU.ActiveCfg = Release|Any CPU
		{AD667080-FA3C-4AD8-AE58-D6534C2C2FA1}.Release|Any CPU.Build.0 = Release|Any CPU
	EndGlobalSection
	GlobalSection(SolutionProperties) = preSolution
		HideSolutionNode = FALSE
	EndGlobalSection
	GlobalSection(ExtensibilityGlobals) = postSolution
		SolutionGuid = {4093EB0D-4A28-4F1D-8BDB-76228964A754}
	EndGlobalSection
EndGlobal
